
Microsoft Visual Studio Solution File, Format Version 12.00
# Visual Studio Version 16
VisualStudioVersion = 16.0.30523.141
MinimumVisualStudioVersion = 10.0.40219.1
Project("{FAE04EC0-301F-11D3-BF4B-00C04F79EFBC}") = "SampleObsidianPlugin", "SampleObsidianPlugin\SampleObsidianPlugin.csproj", "{9CD378BD-37FD-49D7-8863-0D7CC9C807AD}"
EndProject
Project("{9A19103F-16F7-4668-BE54-9A1E7A4F7556}") = "Obsidian.Plugins.API", "..\..\Obsidian\Obsidian.Plugins.API\Obsidian.Plugins.API.csproj", "{04E69671-E290-4D13-A75C-329BB1DFCA89}"
EndProject
Global
	GlobalSection(SolutionConfigurationPlatforms) = preSolution
		Debug|Any CPU = Debug|Any CPU
		Release|Any CPU = Release|Any CPU
	EndGlobalSection
	GlobalSection(ProjectConfigurationPlatforms) = postSolution
		{9CD378BD-37FD-49D7-8863-0D7CC9C807AD}.Debug|Any CPU.ActiveCfg = Debug|Any CPU
		{9CD378BD-37FD-49D7-8863-0D7CC9C807AD}.Debug|Any CPU.Build.0 = Debug|Any CPU
		{9CD378BD-37FD-49D7-8863-0D7CC9C807AD}.Release|Any CPU.ActiveCfg = Release|Any CPU
		{9CD378BD-37FD-49D7-8863-0D7CC9C807AD}.Release|Any CPU.Build.0 = Release|Any CPU
		{04E69671-E290-4D13-A75C-329BB1DFCA89}.Debug|Any CPU.ActiveCfg = Debug|Any CPU
		{04E69671-E290-4D13-A75C-329BB1DFCA89}.Debug|Any CPU.Build.0 = Debug|Any CPU
		{04E69671-E290-4D13-A75C-329BB1DFCA89}.Release|Any CPU.ActiveCfg = Release|Any CPU
		{04E69671-E290-4D13-A75C-329BB1DFCA89}.Release|Any CPU.Build.0 = Release|Any CPU
	EndGlobalSection
	GlobalSection(SolutionProperties) = preSolution
		HideSolutionNode = FALSE
	EndGlobalSection
	GlobalSection(ExtensibilityGlobals) = postSolution
		SolutionGuid = {2DCF16D3-9F6D-43FC-B3EC-270E77006B26}
	EndGlobalSection
EndGlobal
